dependencies:
- name: redis-store
  repository: file://../redis-store
  version: 0.1.3
- name: postgresql
  repository: https://charts.bitnami.com/bitnami
  version: 16.7.0
- name: api
  repository: file://../api
  version: 0.1.5
- name: coordinator
  repository: file://../coordinator
  version: 0.1.5
- name: cpu-node
  repository: file://../cpu-node
  version: 0.1.9
- name: gpu-node
  repository: file://../gpu-node
  version: 0.1.25
- name: fulfiller
  repository: file://../fulfiller
  version: 0.1.5
- name: bidder
  repository: file://../bidder
  version: 0.1.5
digest: sha256:7926a3d0560bccff293f687036705bff8c86e2ccc3808aa9d893942583a322dc
generated: "2025-06-17T19:49:52.649336073Z"
